// !$*UTF8*$!
{
	archiveVersion = 1;
	classes = {
	};
	objectVersion = 46;
	objects = {

/* Begin PBXBuildFile section */
		5E05ABB91E80B0330032CBC3 /* LoginViewController.swift in Sources */ = {isa = PBXBuildFile; fileRef = 5E05ABB81E80B0330032CBC3 /* LoginViewController.swift */; };
		5E05ABBB1E80B4F20032CBC3 /* ProfileViewController.swift in Sources */ = {isa = PBXBuildFile; fileRef = 5E05ABBA1E80B4F20032CBC3 /* ProfileViewController.swift */; };
		5E05ABBD1E80B5F50032CBC3 /* HomeViewController.swift in Sources */ = {isa = PBXBuildFile; fileRef = 5E05ABBC1E80B5F50032CBC3 /* HomeViewController.swift */; };
		5E5A45111E80AAC6008DCBB7 /* AppDelegate.swift in Sources */ = {isa = PBXBuildFile; fileRef = 5E5A45101E80AAC6008DCBB7 /* AppDelegate.swift */; };
		5E5A45161E80AAC6008DCBB7 /* Main.storyboard in Resources */ = {isa = PBXBuildFile; fileRef = 5E5A45141E80AAC6008DCBB7 /* Main.storyboard */; };
		5E5A45181E80AAC6008DCBB7 /* Assets.xcassets in Resources */ = {isa = PBXBuildFile; fileRef = 5E5A45171E80AAC6008DCBB7 /* Assets.xcassets */; };
		5E5A451B1E80AAC6008DCBB7 /* LaunchScreen.storyboard in Resources */ = {isa = PBXBuildFile; fileRef = 5E5A45191E80AAC6008DCBB7 /* LaunchScreen.storyboard */; };
		956326486425C2400BEF7377 /* Pods_instagram.framework in Frameworks */ = {isa = PBXBuildFile; fileRef = 2AFE2BB28C06DFDD5849BB22 /* Pods_instagram.framework */; };
/* End PBXBuildFile section */

/* Begin PBXFileReference section */
		26470A66C77146A905B3ADDA /* Pods-instagram.release.xcconfig */ = {isa = PBXFileReference; includeInIndex = 1; lastKnownFileType = text.xcconfig; name = "Pods-instagram.release.xcconfig"; path = "Pods/Target Support Files/Pods-instagram/Pods-instagram.release.xcconfig"; sourceTree = "<group>"; };
		2AFE2BB28C06DFDD5849BB22 /* Pods_instagram.framework */ = {isa = PBXFileReference; explicitFileType = wrapper.framework; includeInIndex = 0; path = Pods_instagram.framework; sourceTree = BUILT_PRODUCTS_DIR; };
		5E05ABB81E80B0330032CBC3 /* LoginViewController.swift */ = {isa = PBXFileReference; fileEncoding = 4; lastKnownFileType = sourcecode.swift; path = LoginViewController.swift; sourceTree = "<group>"; };
		5E05ABBA1E80B4F20032CBC3 /* ProfileViewController.swift */ = {isa = PBXFileReference; fileEncoding = 4; lastKnownFileType = sourcecode.swift; path = ProfileViewController.swift; sourceTree = "<group>"; };
		5E05ABBC1E80B5F50032CBC3 /* HomeViewController.swift */ = {isa = PBXFileReference; fileEncoding = 4; lastKnownFileType = sourcecode.swift; path = HomeViewController.swift; sourceTree = "<group>"; };
		5E5A450D1E80AAC6008DCBB7 /* instagram.app */ = {isa = PBXFileReference; explicitFileType = wrapper.application; includeInIndex = 0; path = instagram.app; sourceTree = BUILT_PRODUCTS_DIR; };
		5E5A45101E80AAC6008DCBB7 /* AppDelegate.swift */ = {isa = PBXFileReference; lastKnownFileType = sourcecode.swift; path = AppDelegate.swift; sourceTree = "<group>"; };
		5E5A45151E80AAC6008DCBB7 /* Base */ = {isa = PBXFileReference; lastKnownFileType = file.storyboard; name = Base; path = Base.lproj/Main.storyboard; sourceTree = "<group>"; };
		5E5A45171E80AAC6008DCBB7 /* Assets.xcassets */ = {isa = PBXFileReference; lastKnownFileType = folder.assetcatalog; path = Assets.xcassets; sourceTree = "<group>"; };
		5E5A451A1E80AAC6008DCBB7 /* Base */ = {isa = PBXFileReference; lastKnownFileType = file.storyboard; name = Base; path = Base.lproj/LaunchScreen.storyboard; sourceTree = "<group>"; };
		5E5A451C1E80AAC6008DCBB7 /* Info.plist */ = {isa = PBXFileReference; lastKnownFileType = text.plist.xml; path = Info.plist; sourceTree = "<group>"; };
		88B259215938F27078F25127 /* Pods-instagram.debug.xcconfig */ = {isa = PBXFileReference; includeInIndex = 1; lastKnownFileType = text.xcconfig; name = "Pods-instagram.debug.xcconfig"; path = "Pods/Target Support Files/Pods-instagram/Pods-instagram.debug.xcconfig"; sourceTree = "<group>"; };
/* End PBXFileReference section */

/* Begin PBXFrameworksBuildPhase section */
		5E5A450A1E80AAC6008DCBB7 /* Frameworks */ = {
			isa = PBXFrameworksBuildPhase;
			buildActionMask = 2147483647;
			files = (
				956326486425C2400BEF7377 /* Pods_instagram.framework in Frameworks */,
			);
			runOnlyForDeploymentPostprocessing = 0;
		};
/* End PBXFrameworksBuildPhase section */

/* Begin PBXGroup section */
		5E05ABB51E80B0130032CBC3 /* view controllers */ = {
			isa = PBXGroup;
			children = (
				5E05ABB81E80B0330032CBC3 /* LoginViewController.swift */,
				5E05ABBA1E80B4F20032CBC3 /* ProfileViewController.swift */,
				5E05ABBC1E80B5F50032CBC3 /* HomeViewController.swift */,
			);
			name = "view controllers";
			sourceTree = "<group>";
		};
		5E05ABB61E80B0190032CBC3 /* views */ = {
			isa = PBXGroup;
			children = (
			);
			name = views;
			sourceTree = "<group>";
		};
		5E05ABB71E80B01F0032CBC3 /* models */ = {
			isa = PBXGroup;
			children = (
			);
			name = models;
			sourceTree = "<group>";
		};
		5E5A45041E80AAC6008DCBB7 = {
			isa = PBXGroup;
			children = (
				5E5A450F1E80AAC6008DCBB7 /* instagram */,
				5E5A450E1E80AAC6008DCBB7 /* Products */,
				D6CB07C65FBFFA56FE683708 /* Pods */,
				909EBE4AEA23A660EE0CDC2D /* Frameworks */,
			);
			sourceTree = "<group>";
		};
		5E5A450E1E80AAC6008DCBB7 /* Products */ = {
			isa = PBXGroup;
			children = (
				5E5A450D1E80AAC6008DCBB7 /* instagram.app */,
			);
			name = Products;
			sourceTree = "<group>";
		};
		5E5A450F1E80AAC6008DCBB7 /* instagram */ = {
			isa = PBXGroup;
			children = (
				5E05ABB71E80B01F0032CBC3 /* models */,
				5E05ABB61E80B0190032CBC3 /* views */,
				5E05ABB51E80B0130032CBC3 /* view controllers */,
				5E5A45101E80AAC6008DCBB7 /* AppDelegate.swift */,
				5E5A45141E80AAC6008DCBB7 /* Main.storyboard */,
				5E5A45171E80AAC6008DCBB7 /* Assets.xcassets */,
				5E5A45191E80AAC6008DCBB7 /* LaunchScreen.storyboard */,
				5E5A451C1E80AAC6008DCBB7 /* Info.plist */,
			);
			path = instagram;
			sourceTree = "<group>";
		};
		909EBE4AEA23A660EE0CDC2D /* Frameworks */ = {
			isa = PBXGroup;
			children = (
				2AFE2BB28C06DFDD5849BB22 /* Pods_instagram.framework */,
			);
			name = Frameworks;
			sourceTree = "<group>";
		};
		D6CB07C65FBFFA56FE683708 /* Pods */ = {
			isa = PBXGroup;
			children = (
				88B259215938F27078F25127 /* Pods-instagram.debug.xcconfig */,
				26470A66C77146A905B3ADDA /* Pods-instagram.release.xcconfig */,
			);
			name = Pods;
			sourceTree = "<group>";
		};
/* End PBXGroup section */

/* Begin PBXNativeTarget section */
		5E5A450C1E80AAC6008DCBB7 /* instagram */ = {
			isa = PBXNativeTarget;
			buildConfigurationList = 5E5A451F1E80AAC6008DCBB7 /* Build configuration list for PBXNativeTarget "instagram" */;
			buildPhases = (
				59478D352CE7A294E5B9CFE1 /* [CP] Check Pods Manifest.lock */,
				5E5A45091E80AAC6008DCBB7 /* Sources */,
				5E5A450A1E80AAC6008DCBB7 /* Frameworks */,
				5E5A450B1E80AAC6008DCBB7 /* Resources */,
				422B3FF3BA066DAB06E38915 /* [CP] Embed Pods Frameworks */,
				9444CDC1FAA660EAE6B894DE /* [CP] Copy Pods Resources */,
			);
			buildRules = (
			);
			dependencies = (
			);
			name = instagram;
			productName = instagram;
			productReference = 5E5A450D1E80AAC6008DCBB7 /* instagram.app */;
			productType = "com.apple.product-type.application";
		};
/* End PBXNativeTarget section */

/* Begin PBXProject section */
		5E5A45051E80AAC6008DCBB7 /* Project object */ = {
			isa = PBXProject;
			attributes = {
				LastSwiftUpdateCheck = 0820;
				LastUpgradeCheck = 0820;
				ORGANIZATIONNAME = "samman ios";
				TargetAttributes = {
					5E5A450C1E80AAC6008DCBB7 = {
						CreatedOnToolsVersion = 8.2.1;
						DevelopmentTeam = K86KHC28SR;
						ProvisioningStyle = Automatic;
					};
				};
			};
			buildConfigurationList = 5E5A45081E80AAC6008DCBB7 /* Build configuration list for PBXProject "instagram" */;
			compatibilityVersion = "Xcode 3.2";
			developmentRegion = English;
			hasScannedForEncodings = 0;
			knownRegions = (
				en,
				Base,
			);
			mainGroup = 5E5A45041E80AAC6008DCBB7;
			productRefGroup = 5E5A450E1E80AAC6008DCBB7 /* Products */;
			projectDirPath = "";
			projectRoot = "";
			targets = (
				5E5A450C1E80AAC6008DCBB7 /* instagram */,
			);
		};
/* End PBXProject section */

/* Begin PBXResourcesBuildPhase section */
		5E5A450B1E80AAC6008DCBB7 /* Resources */ = {
			isa = PBXResourcesBuildPhase;
			buildActionMask = 2147483647;
			files = (
				5E5A451B1E80AAC6008DCBB7 /* LaunchScreen.storyboard in Resources */,
				5E5A45181E80AAC6008DCBB7 /* Assets.xcassets in Resources */,
				5E5A45161E80AAC6008DCBB7 /* Main.storyboard in Resources */,
			);
			runOnlyForDeploymentPostprocessing = 0;
		};
/* End PBXResourcesBuildPhase section */

/* Begin PBXShellScriptBuildPhase section */
		422B3FF3BA066DAB06E38915 /* [CP] Embed Pods Frameworks */ = {
			isa = PBXShellScriptBuildPhase;
			buildActionMask = 2147483647;
			files = (
			);
			inputPaths = (
			);
			name = "[CP] Embed Pods Frameworks";
			outputPaths = (
			);
			runOnlyForDeploymentPostprocessing = 0;
			shellPath = /bin/sh;
			shellScript = "\"${SRCROOT}/Pods/Target Support Files/Pods-instagram/Pods-instagram-frameworks.sh\"\n";
			showEnvVarsInLog = 0;
		};
		59478D352CE7A294E5B9CFE1 /* [CP] Check Pods Manifest.lock */ = {
			isa = PBXShellScriptBuildPhase;
			buildActionMask = 2147483647;
			files = (
			);
			inputPaths = (
			);
			name = "[CP] Check Pods Manifest.lock";
			outputPaths = (
			);
			runOnlyForDeploymentPostprocessing = 0;
			shellPath = /bin/sh;
			shellScript = "diff \"${PODS_ROOT}/../Podfile.lock\" \"${PODS_ROOT}/Manifest.lock\" > /dev/null\nif [ $? != 0 ] ; then\n    # print error to STDERR\n    echo \"error: The sandbox is not in sync with the Podfile.lock. Run 'pod install' or update your CocoaPods installation.\" >&2\n    exit 1\nfi\n";
			showEnvVarsInLog = 0;
		};
		9444CDC1FAA660EAE6B894DE /* [CP] Copy Pods Resources */ = {
			isa = PBXShellScriptBuildPhase;
			buildActionMask = 2147483647;
			files = (
			);
			inputPaths = (
			);
			name = "[CP] Copy Pods Resources";
			outputPaths = (
			);
			runOnlyForDeploymentPostprocessing = 0;
			shellPath = /bin/sh;
			shellScript = "\"${SRCROOT}/Pods/Target Support Files/Pods-instagram/Pods-instagram-resources.sh\"\n";
			showEnvVarsInLog = 0;
		};
/* End PBXShellScriptBuildPhase section */

/* Begin PBXSourcesBuildPhase section */
		5E5A45091E80AAC6008DCBB7 /* Sources */ = {
			isa = PBXSourcesBuildPhase;
			buildActionMask = 2147483647;
			files = (
				5E05ABBB1E80B4F20032CBC3 /* ProfileViewController.swift in Sources */,
				5E05ABB91E80B0330032CBC3 /* LoginViewController.swift in Sources */,
				5E5A45111E80AAC6008DCBB7 /* AppDelegate.swift in Sources */,
				5E05ABBD1E80B5F50032CBC3 /* HomeViewController.swift in Sources */,
			);
			runOnlyForDeploymentPostprocessing = 0;
		};
/* End PBXSourcesBuildPhase section */

/* Begin PBXVariantGroup section */
		5E5A45141E80AAC6008DCBB7 /* Main.storyboard */ = {
			isa = PBXVariantGroup;
			children = (
				5E5A45151E80AAC6008DCBB7 /* Base */,
			);
			name = Main.storyboard;
			sourceTree = "<group>";
		};
		5E5A45191E80AAC6008DCBB7 /* LaunchScreen.storyboard */ = {
			isa = PBXVariantGroup;
			children = (
				5E5A451A1E80AAC6008DCBB7 /* Base */,
			);
			name = LaunchScreen.storyboard;
			sourceTree = "<group>";
		};
/* End PBXVariantGroup section */

/* Begin XCBuildConfiguration section */
		5E5A451D1E80AAC6008DCBB7 /* Debug */ = {
			isa = XCBuildConfiguration;
			buildSettings = {
				ALWAYS_SEARCH_USER_PATHS = NO;
				CLANG_ANALYZER_NONNULL = YES;
				CLANG_CXX_LANGUAGE_STANDARD = "gnu++0x";
				CLANG_CXX_LIBRARY = "libc++";
				CLANG_ENABLE_MODULES = YES;
				CLANG_ENABLE_OBJC_ARC = YES;
				CLANG_WARN_BOOL_CONVERSION = YES;
				CLANG_WARN_CONSTANT_CONVERSION = YES;
				CLANG_WARN_DIRECT_OBJC_ISA_USAGE = YES_ERROR;
				CLANG_WARN_DOCUMENTATION_COMMENTS = YES;
				CLANG_WARN_EMPTY_BODY = YES;
				CLANG_WARN_ENUM_CONVERSION = YES;
				CLANG_WARN_INFINITE_RECURSION = YES;
				CLANG_WARN_INT_CONVERSION = YES;
				CLANG_WARN_OBJC_ROOT_CLASS = YES_ERROR;
				CLANG_WARN_SUSPICIOUS_MOVE = YES;
				CLANG_WARN_UNREACHABLE_CODE = YES;
				CLANG_WARN__DUPLICATE_METHOD_MATCH = YES;
				"CODE_SIGN_IDENTITY[sdk=iphoneos*]" = "iPhone Developer";
				COPY_PHASE_STRIP = NO;
				DEBUG_INFORMATION_FORMAT = dwarf;
				ENABLE_STRICT_OBJC_MSGSEND = YES;
				ENABLE_TESTABILITY = YES;
				GCC_C_LANGUAGE_STANDARD = gnu99;
				GCC_DYNAMIC_NO_PIC = NO;
				GCC_NO_COMMON_BLOCKS = YES;
				GCC_OPTIMIZATION_LEVEL = 0;
				GCC_PREPROCESSOR_DEFINITIONS = (
					"DEBUG=1",
					"$(inherited)",
				);
				GCC_WARN_64_TO_32_BIT_CONVERSION = YES;
				GCC_WARN_ABOUT_RETURN_TYPE = YES_ERROR;
				GCC_WARN_UNDECLARED_SELECTOR = YES;
				GCC_WARN_UNINITIALIZED_AUTOS = YES_AGGRESSIVE;
				GCC_WARN_UNUSED_FUNCTION = YES;
				GCC_WARN_UNUSED_VARIABLE = YES;
				IPHONEOS_DEPLOYMENT_TARGET = 10.2;
				MTL_ENABLE_DEBUG_INFO = YES;
				ONLY_ACTIVE_ARCH = YES;
				SDKROOT = iphoneos;
				SWIFT_ACTIVE_COMPILATION_CONDITIONS = DEBUG;
				SWIFT_OPTIMIZATION_LEVEL = "-Onone";
			};
			name = Debug;
		};
		5E5A451E1E80AAC6008DCBB7 /* Release */ = {
			isa = XCBuildConfiguration;
			buildSettings = {
				ALWAYS_SEARCH_USER_PATHS = NO;
				CLANG_ANALYZER_NONNULL = YES;
				CLANG_CXX_LANGUAGE_STANDARD = "gnu++0x";
				CLANG_CXX_LIBRARY = "libc++";
				CLANG_ENABLE_MODULES = YES;
				CLANG_ENABLE_OBJC_ARC = YES;
				CLANG_WARN_BOOL_CONVERSION = YES;
				CLANG_WARN_CONSTANT_CONVERSION = YES;
				CLANG_WARN_DIRECT_OBJC_ISA_USAGE = YES_ERROR;
				CLANG_WARN_DOCUMENTATION_COMMENTS = YES;
				CLANG_WARN_EMPTY_BODY = YES;
				CLANG_WARN_ENUM_CONVERSION = YES;
				CLANG_WARN_INFINITE_RECURSION = YES;
				CLANG_WARN_INT_CONVERSION = YES;
				CLANG_WARN_OBJC_ROOT_CLASS = YES_ERROR;
				CLANG_WARN_SUSPICIOUS_MOVE = YES;
				CLANG_WARN_UNREACHABLE_CODE = YES;
				CLANG_WARN__DUPLICATE_METHOD_MATCH = YES;
				"CODE_SIGN_IDENTITY[sdk=iphoneos*]" = "iPhone Developer";
				COPY_PHASE_STRIP = NO;
				DEBUG_INFORMATION_FORMAT = "dwarf-with-dsym";
				ENABLE_NS_ASSERTIONS = NO;
				ENABLE_STRICT_OBJC_MSGSEND = YES;
				GCC_C_LANGUAGE_STANDARD = gnu99;
				GCC_NO_COMMON_BLOCKS = YES;
				GCC_WARN_64_TO_32_BIT_CONVERSION = YES;
				GCC_WARN_ABOUT_RETURN_TYPE = YES_ERROR;
				GCC_WARN_UNDECLARED_SELECTOR = YES;
				GCC_WARN_UNINITIALIZED_AUTOS = YES_AGGRESSIVE;
				GCC_WARN_UNUSED_FUNCTION = YES;
				GCC_WARN_UNUSED_VARIABLE = YES;
				IPHONEOS_DEPLOYMENT_TARGET = 10.2;
				MTL_ENABLE_DEBUG_INFO = NO;
				SDKROOT = iphoneos;
				SWIFT_OPTIMIZATION_LEVEL = "-Owholemodule";
				VALIDATE_PRODUCT = YES;
			};
			name = Release;
		};
		5E5A45201E80AAC6008DCBB7 /* Debug */ = {
			isa = XCBuildConfiguration;
			baseConfigurationReference = 88B259215938F27078F25127 /* Pods-instagram.debug.xcconfig */;
			buildSettings = {
				ASSETCATALOG_COMPILER_APPICON_NAME = AppIcon;
				DEVELOPMENT_TEAM = K86KHC28SR;
				INFOPLIST_FILE = instagram/Info.plist;
				LD_RUNPATH_SEARCH_PATHS = "$(inherited) @executable_path/Frameworks";
				PRODUCT_BUNDLE_IDENTIFIER = sammanapps.instagram;
				PRODUCT_NAME = "$(TARGET_NAME)";
				SWIFT_VERSION = 3.0;
			};
			name = Debug;
		};
		5E5A45211E80AAC6008DCBB7 /* Release */ = {
			isa = XCBuildConfiguration;
			baseConfigurationReference = 26470A66C77146A905B3ADDA /* Pods-instagram.release.xcconfig */;
			buildSettings = {
				ASSETCATALOG_COMPILER_APPICON_NAME = AppIcon;
				DEVELOPMENT_TEAM = K86KHC28SR;
				INFOPLIST_FILE = instagram/Info.plist;
				LD_RUNPATH_SEARCH_PATHS = "$(inherited) @executable_path/Frameworks";
				PRODUCT_BUNDLE_IDENTIFIER = sammanapps.instagram;
				PRODUCT_NAME = "$(TARGET_NAME)";
				SWIFT_VERSION = 3.0;
			};
			name = Release;
		};
/* End XCBuildConfiguration section */

/* Begin XCConfigurationList section */
		5E5A45081E80AAC6008DCBB7 /* Build configuration list for PBXProject "instagram" */ = {
			isa = XCConfigurationList;
			buildConfigurations = (
				5E5A451D1E80AAC6008DCBB7 /* Debug */,
				5E5A451E1E80AAC6008DCBB7 /* Release */,
			);
			defaultConfigurationIsVisible = 0;
			defaultConfigurationName = Release;
		};
		5E5A451F1E80AAC6008DCBB7 /* Build configuration list for PBXNativeTarget "instagram" */ = {
			isa = XCConfigurationList;
			buildConfigurations = (
				5E5A45201E80AAC6008DCBB7 /* Debug */,
				5E5A45211E80AAC6008DCBB7 /* Release */,
			);
			defaultConfigurationIsVisible = 0;
			defaultConfigurationName = Release;
		};
/* End XCConfigurationList section */
	};
	rootObject = 5E5A45051E80AAC6008DCBB7 /* Project object */;
}
